
Microsoft Visual Studio Solution File, Format Version 12.00
# Visual Studio Version 17
VisualStudioVersion = 17.0.32126.317
MinimumVisualStudioVersion = 10.0.40219.1
Project("{9A19103F-16F7-4668-BE54-9A1E7A4F7556}") = "ParcialAplicada", "Parcial01\ParcialAplicada.csproj", "{4F06AA0C-9F03-41CD-ABD9-0D50088063B2}"
EndProject
Global
	GlobalSection(SolutionConfigurationPlatforms) = preSolution
		Debug|Any CPU = Debug|Any CPU
		Release|Any CPU = Release|Any CPU
	EndGlobalSection
	GlobalSection(ProjectConfigurationPlatforms) = postSolution
		{4F06AA0C-9F03-41CD-ABD9-0D50088063B2}.Debug|Any CPU.ActiveCfg = Debug|Any CPU
		{4F06AA0C-9F03-41CD-ABD9-0D50088063B2}.Debug|Any CPU.Build.0 = Debug|Any CPU
		{4F06AA0C-9F03-41CD-ABD9-0D50088063B2}.Release|Any CPU.ActiveCfg = Release|Any CPU
		{4F06AA0C-9F03-41CD-ABD9-0D50088063B2}.Release|Any CPU.Build.0 = Release|Any CPU
	EndGlobalSection
	GlobalSection(SolutionProperties) = preSolution
		HideSolutionNode = FALSE
	EndGlobalSection
	GlobalSection(ExtensibilityGlobals) = postSolution
		SolutionGuid = {0E6B87D2-BF05-4EC6-A7F6-F6669B221E22}
	EndGlobalSection
EndGlobal
